
Microsoft Visual Studio Solution File, Format Version 12.00
# Visual Studio Version 17
VisualStudioVersion = 17.5.33516.290
MinimumVisualStudioVersion = 10.0.40219.1
Project("{FAE04EC0-301F-11D3-BF4B-00C04F79EFBC}") = "Buoi6.2", "Buoi6.2\Buoi6.2.csproj", "{F10EB6D9-2117-4930-B85A-C88455C12552}"
EndProject
Project("{FAE04EC0-301F-11D3-BF4B-00C04F79EFBC}") = "Buoi7.1", "Buoi7.1\Buoi7.1.csproj", "{FE14ED76-69E8-4E7E-AD94-00543188E7E3}"
EndProject
Project("{FAE04EC0-301F-11D3-BF4B-00C04F79EFBC}") = "Buoi7.2", "Buoi7.2\Buoi7.2.csproj", "{460A7702-84B2-4B68-944B-7BAADA1720BE}"
EndProject
Project("{FAE04EC0-301F-11D3-BF4B-00C04F79EFBC}") = "Buoi8.1NST", "Buoi8.1NST\Buoi8.1NST.csproj", "{F1A28C0A-3667-4625-ADB9-DCAD525DE4CA}"
EndProject
Project("{FAE04EC0-301F-11D3-BF4B-00C04F79EFBC}") = "Buoi8.1ST", "Buoi8.1ST\Buoi8.1ST.csproj", "{DCEA1FD0-C9E6-42CF-822A-52F469BC6C9A}"
EndProject
Project("{FAE04EC0-301F-11D3-BF4B-00C04F79EFBC}") = "Buoi8.2", "Buoi8.2\Buoi8.2.csproj", "{9DEA02BD-413D-44CB-8E8E-73C662F97D1B}"
EndProject
Project("{FAE04EC0-301F-11D3-BF4B-00C04F79EFBC}") = "Buoi6.3", "Buoi6.3\Buoi6.3.csproj", "{05A35C11-1513-45C8-B68A-C738E7C26D28}"
EndProject
Project("{FAE04EC0-301F-11D3-BF4B-00C04F79EFBC}") = "Buoi6.4", "Buoi6.4\Buoi6.4.csproj", "{E25B8468-E3AC-4D80-9D7A-7B573EBBEB83}"
EndProject
Project("{FAE04EC0-301F-11D3-BF4B-00C04F79EFBC}") = "Buoi6.5", "Buoi6.5\Buoi6.5.csproj", "{1E7AF655-9415-479A-9C78-047F649DBE37}"
EndProject
Project("{FAE04EC0-301F-11D3-BF4B-00C04F79EFBC}") = "Buoi9.2", "Buoi9.2\Buoi9.2.csproj", "{DF1F2682-55EB-47F0-B956-64E1CBE85C1B}"
EndProject
Project("{FAE04EC0-301F-11D3-BF4B-00C04F79EFBC}") = "Buoi9.1", "Buoi9.1\Buoi9.1.csproj", "{8BD83DCB-F88B-4FB5-B87D-33CC1D26132C}"
EndProject
Project("{FAE04EC0-301F-11D3-BF4B-00C04F79EFBC}") = "Buoi1.1", "Buoi1.1\Buoi1.1.csproj", "{3B30553B-77C5-4829-B7CF-92C49AC8A0F4}"
EndProject
Project("{FAE04EC0-301F-11D3-BF4B-00C04F79EFBC}") = "Buoi1.2", "Buoi1.2\Buoi1.2.csproj", "{72F940D7-C460-4849-B852-86C490943EA7}"
EndProject
Project("{FAE04EC0-301F-11D3-BF4B-00C04F79EFBC}") = "Buoi1.3", "Buoi1.3\Buoi1.3.csproj", "{87CCF073-912B-40B4-8B50-69CCCC15D54C}"
EndProject
Project("{FAE04EC0-301F-11D3-BF4B-00C04F79EFBC}") = "Buoi1.4", "Buoi1.4\Buoi1.4.csproj", "{A78032BA-BFAA-4D45-A495-A5543514D6B2}"
EndProject
Project("{FAE04EC0-301F-11D3-BF4B-00C04F79EFBC}") = "Buoi1.5", "Buoi1.5\Buoi1.5.csproj", "{B498B242-E261-44B7-BC99-305ECF8B4D30}"
EndProject
Project("{FAE04EC0-301F-11D3-BF4B-00C04F79EFBC}") = "Buoi1.6", "Buoi1.6\Buoi1.6.csproj", "{C0FB96F3-144A-4CB7-97A3-4D2E2131D2A8}"
EndProject
Project("{FAE04EC0-301F-11D3-BF4B-00C04F79EFBC}") = "Buoi1.7", "Buoi1.7\Buoi1.7.csproj", "{7F9F3969-C4B1-4F6D-83BE-143367DC741A}"
EndProject
Project("{FAE04EC0-301F-11D3-BF4B-00C04F79EFBC}") = "Buoi2.1", "Buoi2.1\Buoi2.1.csproj", "{F5266534-070E-416E-BA63-71F6181BA2D7}"
EndProject
Project("{FAE04EC0-301F-11D3-BF4B-00C04F79EFBC}") = "Buoi3.1", "Buoi3.1\Buoi3.1.csproj", "{C967A257-E0D4-4177-8DEA-B8161552FF29}"
EndProject
Project("{FAE04EC0-301F-11D3-BF4B-00C04F79EFBC}") = "Buoi3.2", "Buoi3.2\Buoi3.2.csproj", "{88C2382D-4554-44AC-A865-D2AE5C32B086}"
EndProject
Project("{FAE04EC0-301F-11D3-BF4B-00C04F79EFBC}") = "Buoi3.3", "Buoi3.3\Buoi3.3.csproj", "{D9B90606-DB06-4282-9B8B-59CD41316A53}"
EndProject
Project("{FAE04EC0-301F-11D3-BF4B-00C04F79EFBC}") = "Buoi3.4", "Buoi3.4\Buoi3.4.csproj", "{6A850D91-1EDB-42BD-A2D1-08DA1FA8912A}"
EndProject
Project("{FAE04EC0-301F-11D3-BF4B-00C04F79EFBC}") = "Buoi3.5", "Buoi3.5\Buoi3.5.csproj", "{82A56AFD-80C8-4470-BD70-2199083ACBBC}"
EndProject
Project("{FAE04EC0-301F-11D3-BF4B-00C04F79EFBC}") = "Buoi4.1", "Buoi4.1\Buoi4.1.csproj", "{4DE311C1-FA42-44E5-B920-DA87A1C3D286}"
EndProject
Project("{FAE04EC0-301F-11D3-BF4B-00C04F79EFBC}") = "Buoi4.2", "Buoi4.2\Buoi4.2.csproj", "{CE814489-D78A-4627-8AFB-0B472EC7B498}"
EndProject
Project("{FAE04EC0-301F-11D3-BF4B-00C04F79EFBC}") = "Buoi4.3", "Buoi4.3\Buoi4.3.csproj", "{2150CEA9-F8E4-4A68-B982-A2EE45F4C9A8}"
EndProject
Project("{FAE04EC0-301F-11D3-BF4B-00C04F79EFBC}") = "Buoi5.1", "Buoi5.1\Buoi5.1.csproj", "{5FFB63D9-E055-4225-8CE9-392F1F67E404}"
EndProject
Project("{FAE04EC0-301F-11D3-BF4B-00C04F79EFBC}") = "Buoi5.2", "Buoi5.2\Buoi5.2.csproj", "{BEFB69C1-31F8-43FA-93BE-D13C938B6B71}"
EndProject
Project("{FAE04EC0-301F-11D3-BF4B-00C04F79EFBC}") = "Buoi5.3", "Buoi5.3\Buoi5.3.csproj", "{9A50A2BB-6FE5-4F27-A4D4-2C1B7AE38D2E}"
EndProject
Project("{FAE04EC0-301F-11D3-BF4B-00C04F79EFBC}") = "Buoi5.4", "Buoi5.4\Buoi5.4.csproj", "{A38E72CD-1C67-4613-9429-855AA715CD9D}"
EndProject
Project("{FAE04EC0-301F-11D3-BF4B-00C04F79EFBC}") = "Buoi2.2", "Buoi2.2\Buoi2.2.csproj", "{F6384903-94B1-4E14-B3E4-4AD5054CC475}"
EndProject
Project("{FAE04EC0-301F-11D3-BF4B-00C04F79EFBC}") = "Buoi2.3", "Buoi2.3\Buoi2.3.csproj", "{30685A81-772D-4751-88C9-091B594013CF}"
EndProject
Project("{FAE04EC0-301F-11D3-BF4B-00C04F79EFBC}") = "Buoi2.4", "Buoi2.4\Buoi2.4.csproj", "{41B34D96-4A02-4B66-8009-0CA711047110}"
EndProject
Project("{FAE04EC0-301F-11D3-BF4B-00C04F79EFBC}") = "Buoi2.5", "Buoi2.5\Buoi2.5.csproj", "{D6F04201-CA18-4E3E-A0FF-A94DFA5A24C0}"
EndProject
Project("{FAE04EC0-301F-11D3-BF4B-00C04F79EFBC}") = "Buoi2.6", "Buoi2.6\Buoi2.6.csproj", "{DAA4D9E3-BCCE-41FC-B2A1-B14E14548D17}"
EndProject
Project("{FAE04EC0-301F-11D3-BF4B-00C04F79EFBC}") = "Buoi2.7", "Buoi2.7\Buoi2.7.csproj", "{CA4501AD-4EB0-42E3-8B84-24B10E2BDE99}"
EndProject
Project("{FAE04EC0-301F-11D3-BF4B-00C04F79EFBC}") = "Buoi6.1", "Buoi6.1\Buoi6.1.csproj", "{2783B78B-1588-4DD5-BFC6-3B397EAEE197}"
EndProject
Global
	GlobalSection(SolutionConfigurationPlatforms) = preSolution
		Debug|Any CPU = Debug|Any CPU
		Release|Any CPU = Release|Any CPU
	EndGlobalSection
	GlobalSection(ProjectConfigurationPlatforms) = postSolution
		{F10EB6D9-2117-4930-B85A-C88455C12552}.Debug|Any CPU.ActiveCfg = Debug|Any CPU
		{F10EB6D9-2117-4930-B85A-C88455C12552}.Debug|Any CPU.Build.0 = Debug|Any CPU
		{F10EB6D9-2117-4930-B85A-C88455C12552}.Release|Any CPU.ActiveCfg = Release|Any CPU
		{F10EB6D9-2117-4930-B85A-C88455C12552}.Release|Any CPU.Build.0 = Release|Any CPU
		{FE14ED76-69E8-4E7E-AD94-00543188E7E3}.Debug|Any CPU.ActiveCfg = Debug|Any CPU
		{FE14ED76-69E8-4E7E-AD94-00543188E7E3}.Debug|Any CPU.Build.0 = Debug|Any CPU
		{FE14ED76-69E8-4E7E-AD94-00543188E7E3}.Release|Any CPU.ActiveCfg = Release|Any CPU
		{FE14ED76-69E8-4E7E-AD94-00543188E7E3}.Release|Any CPU.Build.0 = Release|Any CPU
		{460A7702-84B2-4B68-944B-7BAADA1720BE}.Debug|Any CPU.ActiveCfg = Debug|Any CPU
		{460A7702-84B2-4B68-944B-7BAADA1720BE}.Debug|Any CPU.Build.0 = Debug|Any CPU
		{460A7702-84B2-4B68-944B-7BAADA1720BE}.Release|Any CPU.ActiveCfg = Release|Any CPU
		{460A7702-84B2-4B68-944B-7BAADA1720BE}.Release|Any CPU.Build.0 = Release|Any CPU
		{F1A28C0A-3667-4625-ADB9-DCAD525DE4CA}.Debug|Any CPU.ActiveCfg = Debug|Any CPU
		{F1A28C0A-3667-4625-ADB9-DCAD525DE4CA}.Debug|Any CPU.Build.0 = Debug|Any CPU
		{F1A28C0A-3667-4625-ADB9-DCAD525DE4CA}.Release|Any CPU.ActiveCfg = Release|Any CPU
		{F1A28C0A-3667-4625-ADB9-DCAD525DE4CA}.Release|Any CPU.Build.0 = Release|Any CPU
		{DCEA1FD0-C9E6-42CF-822A-52F469BC6C9A}.Debug|Any CPU.ActiveCfg = Debug|Any CPU
		{DCEA1FD0-C9E6-42CF-822A-52F469BC6C9A}.Debug|Any CPU.Build.0 = Debug|Any CPU
		{DCEA1FD0-C9E6-42CF-822A-52F469BC6C9A}.Release|Any CPU.ActiveCfg = Release|Any CPU
		{DCEA1FD0-C9E6-42CF-822A-52F469BC6C9A}.Release|Any CPU.Build.0 = Release|Any CPU
		{9DEA02BD-413D-44CB-8E8E-73C662F97D1B}.Debug|Any CPU.ActiveCfg = Debug|Any CPU
		{9DEA02BD-413D-44CB-8E8E-73C662F97D1B}.Debug|Any CPU.Build.0 = Debug|Any CPU
		{9DEA02BD-413D-44CB-8E8E-73C662F97D1B}.Release|Any CPU.ActiveCfg = Release|Any CPU
		{9DEA02BD-413D-44CB-8E8E-73C662F97D1B}.Release|Any CPU.Build.0 = Release|Any CPU
		{05A35C11-1513-45C8-B68A-C738E7C26D28}.Debug|Any CPU.ActiveCfg = Debug|Any CPU
		{05A35C11-1513-45C8-B68A-C738E7C26D28}.Debug|Any CPU.Build.0 = Debug|Any CPU
		{05A35C11-1513-45C8-B68A-C738E7C26D28}.Release|Any CPU.ActiveCfg = Release|Any CPU
		{05A35C11-1513-45C8-B68A-C738E7C26D28}.Release|Any CPU.Build.0 = Release|Any CPU
		{E25B8468-E3AC-4D80-9D7A-7B573EBBEB83}.Debug|Any CPU.ActiveCfg = Debug|Any CPU
		{E25B8468-E3AC-4D80-9D7A-7B573EBBEB83}.Debug|Any CPU.Build.0 = Debug|Any CPU
		{E25B8468-E3AC-4D80-9D7A-7B573EBBEB83}.Release|Any CPU.ActiveCfg = Release|Any CPU
		{E25B8468-E3AC-4D80-9D7A-7B573EBBEB83}.Release|Any CPU.Build.0 = Release|Any CPU
		{1E7AF655-9415-479A-9C78-047F649DBE37}.Debug|Any CPU.ActiveCfg = Debug|Any CPU
		{1E7AF655-9415-479A-9C78-047F649DBE37}.Debug|Any CPU.Build.0 = Debug|Any CPU
		{1E7AF655-9415-479A-9C78-047F649DBE37}.Release|Any CPU.ActiveCfg = Release|Any CPU
		{1E7AF655-9415-479A-9C78-047F649DBE37}.Release|Any CPU.Build.0 = Release|Any CPU
		{DF1F2682-55EB-47F0-B956-64E1CBE85C1B}.Debug|Any CPU.ActiveCfg = Debug|Any CPU
		{DF1F2682-55EB-47F0-B956-64E1CBE85C1B}.Debug|Any CPU.Build.0 = Debug|Any CPU
		{DF1F2682-55EB-47F0-B956-64E1CBE85C1B}.Release|Any CPU.ActiveCfg = Release|Any CPU
		{DF1F2682-55EB-47F0-B956-64E1CBE85C1B}.Release|Any CPU.Build.0 = Release|Any CPU
		{8BD83DCB-F88B-4FB5-B87D-33CC1D26132C}.Debug|Any CPU.ActiveCfg = Debug|Any CPU
		{8BD83DCB-F88B-4FB5-B87D-33CC1D26132C}.Debug|Any CPU.Build.0 = Debug|Any CPU
		{8BD83DCB-F88B-4FB5-B87D-33CC1D26132C}.Release|Any CPU.ActiveCfg = Release|Any CPU
		{8BD83DCB-F88B-4FB5-B87D-33CC1D26132C}.Release|Any CPU.Build.0 = Release|Any CPU
		{3B30553B-77C5-4829-B7CF-92C49AC8A0F4}.Debug|Any CPU.ActiveCfg = Debug|Any CPU
		{3B30553B-77C5-4829-B7CF-92C49AC8A0F4}.Debug|Any CPU.Build.0 = Debug|Any CPU
		{3B30553B-77C5-4829-B7CF-92C49AC8A0F4}.Release|Any CPU.ActiveCfg = Release|Any CPU
		{3B30553B-77C5-4829-B7CF-92C49AC8A0F4}.Release|Any CPU.Build.0 = Release|Any CPU
		{72F940D7-C460-4849-B852-86C490943EA7}.Debug|Any CPU.ActiveCfg = Debug|Any CPU
		{72F940D7-C460-4849-B852-86C490943EA7}.Debug|Any CPU.Build.0 = Debug|Any CPU
		{72F940D7-C460-4849-B852-86C490943EA7}.Release|Any CPU.ActiveCfg = Release|Any CPU
		{72F940D7-C460-4849-B852-86C490943EA7}.Release|Any CPU.Build.0 = Release|Any CPU
		{87CCF073-912B-40B4-8B50-69CCCC15D54C}.Debug|Any CPU.ActiveCfg = Debug|Any CPU
		{87CCF073-912B-40B4-8B50-69CCCC15D54C}.Debug|Any CPU.Build.0 = Debug|Any CPU
		{87CCF073-912B-40B4-8B50-69CCCC15D54C}.Release|Any CPU.ActiveCfg = Release|Any CPU
		{87CCF073-912B-40B4-8B50-69CCCC15D54C}.Release|Any CPU.Build.0 = Release|Any CPU
		{A78032BA-BFAA-4D45-A495-A5543514D6B2}.Debug|Any CPU.ActiveCfg = Debug|Any CPU
		{A78032BA-BFAA-4D45-A495-A5543514D6B2}.Debug|Any CPU.Build.0 = Debug|Any CPU
		{A78032BA-BFAA-4D45-A495-A5543514D6B2}.Release|Any CPU.ActiveCfg = Release|Any CPU
		{A78032BA-BFAA-4D45-A495-A5543514D6B2}.Release|Any CPU.Build.0 = Release|Any CPU
		{B498B242-E261-44B7-BC99-305ECF8B4D30}.Debug|Any CPU.ActiveCfg = Debug|Any CPU
		{B498B242-E261-44B7-BC99-305ECF8B4D30}.Debug|Any CPU.Build.0 = Debug|Any CPU
		{B498B242-E261-44B7-BC99-305ECF8B4D30}.Release|Any CPU.ActiveCfg = Release|Any CPU
		{B498B242-E261-44B7-BC99-305ECF8B4D30}.Release|Any CPU.Build.0 = Release|Any CPU
		{C0FB96F3-144A-4CB7-97A3-4D2E2131D2A8}.Debug|Any CPU.ActiveCfg = Debug|Any CPU
		{C0FB96F3-144A-4CB7-97A3-4D2E2131D2A8}.Debug|Any CPU.Build.0 = Debug|Any CPU
		{C0FB96F3-144A-4CB7-97A3-4D2E2131D2A8}.Release|Any CPU.ActiveCfg = Release|Any CPU
		{C0FB96F3-144A-4CB7-97A3-4D2E2131D2A8}.Release|Any CPU.Build.0 = Release|Any CPU
		{7F9F3969-C4B1-4F6D-83BE-143367DC741A}.Debug|Any CPU.ActiveCfg = Debug|Any CPU
		{7F9F3969-C4B1-4F6D-83BE-143367DC741A}.Debug|Any CPU.Build.0 = Debug|Any CPU
		{7F9F3969-C4B1-4F6D-83BE-143367DC741A}.Release|Any CPU.ActiveCfg = Release|Any CPU
		{7F9F3969-C4B1-4F6D-83BE-143367DC741A}.Release|Any CPU.Build.0 = Release|Any CPU
		{F5266534-070E-416E-BA63-71F6181BA2D7}.Debug|Any CPU.ActiveCfg = Debug|Any CPU
		{F5266534-070E-416E-BA63-71F6181BA2D7}.Debug|Any CPU.Build.0 = Debug|Any CPU
		{F5266534-070E-416E-BA63-71F6181BA2D7}.Release|Any CPU.ActiveCfg = Release|Any CPU
		{F5266534-070E-416E-BA63-71F6181BA2D7}.Release|Any CPU.Build.0 = Release|Any CPU
		{C967A257-E0D4-4177-8DEA-B8161552FF29}.Debug|Any CPU.ActiveCfg = Debug|Any CPU
		{C967A257-E0D4-4177-8DEA-B8161552FF29}.Debug|Any CPU.Build.0 = Debug|Any CPU
		{C967A257-E0D4-4177-8DEA-B8161552FF29}.Release|Any CPU.ActiveCfg = Release|Any CPU
		{C967A257-E0D4-4177-8DEA-B8161552FF29}.Release|Any CPU.Build.0 = Release|Any CPU
		{88C2382D-4554-44AC-A865-D2AE5C32B086}.Debug|Any CPU.ActiveCfg = Debug|Any CPU
		{88C2382D-4554-44AC-A865-D2AE5C32B086}.Debug|Any CPU.Build.0 = Debug|Any CPU
		{88C2382D-4554-44AC-A865-D2AE5C32B086}.Release|Any CPU.ActiveCfg = Release|Any CPU
		{88C2382D-4554-44AC-A865-D2AE5C32B086}.Release|Any CPU.Build.0 = Release|Any CPU
		{D9B90606-DB06-4282-9B8B-59CD41316A53}.Debug|Any CPU.ActiveCfg = Debug|Any CPU
		{D9B90606-DB06-4282-9B8B-59CD41316A53}.Debug|Any CPU.Build.0 = Debug|Any CPU
		{D9B90606-DB06-4282-9B8B-59CD41316A53}.Release|Any CPU.ActiveCfg = Release|Any CPU
		{D9B90606-DB06-4282-9B8B-59CD41316A53}.Release|Any CPU.Build.0 = Release|Any CPU
		{6A850D91-1EDB-42BD-A2D1-08DA1FA8912A}.Debug|Any CPU.ActiveCfg = Debug|Any CPU
		{6A850D91-1EDB-42BD-A2D1-08DA1FA8912A}.Debug|Any CPU.Build.0 = Debug|Any CPU
		{6A850D91-1EDB-42BD-A2D1-08DA1FA8912A}.Release|Any CPU.ActiveCfg = Release|Any CPU
		{6A850D91-1EDB-42BD-A2D1-08DA1FA8912A}.Release|Any CPU.Build.0 = Release|Any CPU
		{82A56AFD-80C8-4470-BD70-2199083ACBBC}.Debug|Any CPU.ActiveCfg = Debug|Any CPU
		{82A56AFD-80C8-4470-BD70-2199083ACBBC}.Debug|Any CPU.Build.0 = Debug|Any CPU
		{82A56AFD-80C8-4470-BD70-2199083ACBBC}.Release|Any CPU.ActiveCfg = Release|Any CPU
		{82A56AFD-80C8-4470-BD70-2199083ACBBC}.Release|Any CPU.Build.0 = Release|Any CPU
		{4DE311C1-FA42-44E5-B920-DA87A1C3D286}.Debug|Any CPU.ActiveCfg = Debug|Any CPU
		{4DE311C1-FA42-44E5-B920-DA87A1C3D286}.Debug|Any CPU.Build.0 = Debug|Any CPU
		{4DE311C1-FA42-44E5-B920-DA87A1C3D286}.Release|Any CPU.ActiveCfg = Release|Any CPU
		{4DE311C1-FA42-44E5-B920-DA87A1C3D286}.Release|Any CPU.Build.0 = Release|Any CPU
		{CE814489-D78A-4627-8AFB-0B472EC7B498}.Debug|Any CPU.ActiveCfg = Debug|Any CPU
		{CE814489-D78A-4627-8AFB-0B472EC7B498}.Debug|Any CPU.Build.0 = Debug|Any CPU
		{CE814489-D78A-4627-8AFB-0B472EC7B498}.Release|Any CPU.ActiveCfg = Release|Any CPU
		{CE814489-D78A-4627-8AFB-0B472EC7B498}.Release|Any CPU.Build.0 = Release|Any CPU
		{2150CEA9-F8E4-4A68-B982-A2EE45F4C9A8}.Debug|Any CPU.ActiveCfg = Debug|Any CPU
		{2150CEA9-F8E4-4A68-B982-A2EE45F4C9A8}.Debug|Any CPU.Build.0 = Debug|Any CPU
		{2150CEA9-F8E4-4A68-B982-A2EE45F4C9A8}.Release|Any CPU.ActiveCfg = Release|Any CPU
		{2150CEA9-F8E4-4A68-B982-A2EE45F4C9A8}.Release|Any CPU.Build.0 = Release|Any CPU
		{5FFB63D9-E055-4225-8CE9-392F1F67E404}.Debug|Any CPU.ActiveCfg = Debug|Any CPU
		{5FFB63D9-E055-4225-8CE9-392F1F67E404}.Debug|Any CPU.Build.0 = Debug|Any CPU
		{5FFB63D9-E055-4225-8CE9-392F1F67E404}.Release|Any CPU.ActiveCfg = Release|Any CPU
		{5FFB63D9-E055-4225-8CE9-392F1F67E404}.Release|Any CPU.Build.0 = Release|Any CPU
		{BEFB69C1-31F8-43FA-93BE-D13C938B6B71}.Debug|Any CPU.ActiveCfg = Debug|Any CPU
		{BEFB69C1-31F8-43FA-93BE-D13C938B6B71}.Debug|Any CPU.Build.0 = Debug|Any CPU
		{BEFB69C1-31F8-43FA-93BE-D13C938B6B71}.Release|Any CPU.ActiveCfg = Release|Any CPU
		{BEFB69C1-31F8-43FA-93BE-D13C938B6B71}.Release|Any CPU.Build.0 = Release|Any CPU
		{9A50A2BB-6FE5-4F27-A4D4-2C1B7AE38D2E}.Debug|Any CPU.ActiveCfg = Debug|Any CPU
		{9A50A2BB-6FE5-4F27-A4D4-2C1B7AE38D2E}.Debug|Any CPU.Build.0 = Debug|Any CPU
		{9A50A2BB-6FE5-4F27-A4D4-2C1B7AE38D2E}.Release|Any CPU.ActiveCfg = Release|Any CPU
		{9A50A2BB-6FE5-4F27-A4D4-2C1B7AE38D2E}.Release|Any CPU.Build.0 = Release|Any CPU
		{A38E72CD-1C67-4613-9429-855AA715CD9D}.Debug|Any CPU.ActiveCfg = Debug|Any CPU
		{A38E72CD-1C67-4613-9429-855AA715CD9D}.Debug|Any CPU.Build.0 = Debug|Any CPU
		{A38E72CD-1C67-4613-9429-855AA715CD9D}.Release|Any CPU.ActiveCfg = Release|Any CPU
		{A38E72CD-1C67-4613-9429-855AA715CD9D}.Release|Any CPU.Build.0 = Release|Any CPU
		{F6384903-94B1-4E14-B3E4-4AD5054CC475}.Debug|Any CPU.ActiveCfg = Debug|Any CPU
		{F6384903-94B1-4E14-B3E4-4AD5054CC475}.Debug|Any CPU.Build.0 = Debug|Any CPU
		{F6384903-94B1-4E14-B3E4-4AD5054CC475}.Release|Any CPU.ActiveCfg = Release|Any CPU
		{F6384903-94B1-4E14-B3E4-4AD5054CC475}.Release|Any CPU.Build.0 = Release|Any CPU
		{30685A81-772D-4751-88C9-091B594013CF}.Debug|Any CPU.ActiveCfg = Debug|Any CPU
		{30685A81-772D-4751-88C9-091B594013CF}.Debug|Any CPU.Build.0 = Debug|Any CPU
		{30685A81-772D-4751-88C9-091B594013CF}.Release|Any CPU.ActiveCfg = Release|Any CPU
		{30685A81-772D-4751-88C9-091B594013CF}.Release|Any CPU.Build.0 = Release|Any CPU
		{41B34D96-4A02-4B66-8009-0CA711047110}.Debug|Any CPU.ActiveCfg = Debug|Any CPU
		{41B34D96-4A02-4B66-8009-0CA711047110}.Debug|Any CPU.Build.0 = Debug|Any CPU
		{41B34D96-4A02-4B66-8009-0CA711047110}.Release|Any CPU.ActiveCfg = Release|Any CPU
		{41B34D96-4A02-4B66-8009-0CA711047110}.Release|Any CPU.Build.0 = Release|Any CPU
		{D6F04201-CA18-4E3E-A0FF-A94DFA5A24C0}.Debug|Any CPU.ActiveCfg = Debug|Any CPU
		{D6F04201-CA18-4E3E-A0FF-A94DFA5A24C0}.Debug|Any CPU.Build.0 = Debug|Any CPU
		{D6F04201-CA18-4E3E-A0FF-A94DFA5A24C0}.Release|Any CPU.ActiveCfg = Release|Any CPU
		{D6F04201-CA18-4E3E-A0FF-A94DFA5A24C0}.Release|Any CPU.Build.0 = Release|Any CPU
		{DAA4D9E3-BCCE-41FC-B2A1-B14E14548D17}.Debug|Any CPU.ActiveCfg = Debug|Any CPU
		{DAA4D9E3-BCCE-41FC-B2A1-B14E14548D17}.Debug|Any CPU.Build.0 = Debug|Any CPU
		{DAA4D9E3-BCCE-41FC-B2A1-B14E14548D17}.Release|Any CPU.ActiveCfg = Release|Any CPU
		{DAA4D9E3-BCCE-41FC-B2A1-B14E14548D17}.Release|Any CPU.Build.0 = Release|Any CPU
		{CA4501AD-4EB0-42E3-8B84-24B10E2BDE99}.Debug|Any CPU.ActiveCfg = Debug|Any CPU
		{CA4501AD-4EB0-42E3-8B84-24B10E2BDE99}.Debug|Any CPU.Build.0 = Debug|Any CPU
		{CA4501AD-4EB0-42E3-8B84-24B10E2BDE99}.Release|Any CPU.ActiveCfg = Release|Any CPU
		{CA4501AD-4EB0-42E3-8B84-24B10E2BDE99}.Release|Any CPU.Build.0 = Release|Any CPU
		{2783B78B-1588-4DD5-BFC6-3B397EAEE197}.Debug|Any CPU.ActiveCfg = Debug|Any CPU
		{2783B78B-1588-4DD5-BFC6-3B397EAEE197}.Debug|Any CPU.Build.0 = Debug|Any CPU
		{2783B78B-1588-4DD5-BFC6-3B397EAEE197}.Release|Any CPU.ActiveCfg = Release|Any CPU
		{2783B78B-1588-4DD5-BFC6-3B397EAEE197}.Release|Any CPU.Build.0 = Release|Any CPU
	EndGlobalSection
	GlobalSection(SolutionProperties) = preSolution
		HideSolutionNode = FALSE
	EndGlobalSection
	GlobalSection(ExtensibilityGlobals) = postSolution
		SolutionGuid = {164FFE24-F193-405D-AF2F-0306ECC734AB}
	EndGlobalSection
EndGlobal
